schema: '2.0'
stages:
  preprocess:
    cmd: python src/preprocess.py
    deps:
    - path: data/raw/Machine_downtime.csv
      hash: md5
      md5: d145b7eb04df19b470da495fb0ed21a7
      size: 471770
    - path: src/preprocess.py
      hash: md5
      md5: 5e4198b0f87ee55aa7920b22d8d2af29
      size: 3457
    outs:
    - path: data/processed/train.csv
      hash: md5
      md5: 6f6e770e185c9abd7893de0b7707e8c1
      size: 1832713
  train:
    cmd: python src/train.py
    deps:
    - path: data/processed/train.csv
      hash: md5
      md5: 6f6e770e185c9abd7893de0b7707e8c1
      size: 1832713
    - path: src/train.py
      hash: md5
      md5: 3860ab938192196f8124e53b6450fa7b
      size: 6523
    outs:
    - path: models/model.pkl
      hash: md5
      md5: a45ed52235802e97c24f72d660bb2e1a
      size: 312697
    - path: reports/metrics.json
      hash: md5
      md5: 21a53db6ef3126cb0cf50be696671e76
      size: 47
  detect_drift:
    cmd: python src/detect_drift.py
    deps:
    - path: data/live/current_high.csv
      hash: md5
      md5: d7028b4519984f862caf8b9afbcccb75
      size: 601634
    - path: data/live/current_low.csv
      hash: md5
      md5: 428c321859a8ef7e60ed9f671b8333d0
      size: 516356
    - path: data/live/current_mid.csv
      hash: md5
      md5: 441746b96f331127c8561e4305be7f5e
      size: 564124
    - path: data/processed/train.csv
      hash: md5
      md5: 126d62d80bc7598451ac7d232846c026
      size: 1883084
    - path: src/detect_drift.py
      hash: md5
      md5: 8b8a35050d7b7fe96420207d5b0c9c45
      size: 6515
